// !$*UTF8*$!
{
	archiveVersion = 1;
	classes = {
	};
	objectVersion = 50;
	objects = {

/* Begin PBXBuildFile section */
		66E352A4266A079300318EDD /* AppDelegate.swift in Sources */ = {isa = PBXBuildFile; fileRef = 66E352A3266A079300318EDD /* AppDelegate.swift */; };
		66E352A6266A079300318EDD /* SceneDelegate.swift in Sources */ = {isa = PBXBuildFile; fileRef = 66E352A5266A079300318EDD /* SceneDelegate.swift */; };
		66E352A8266A079300318EDD /* BitCoinViewController.swift in Sources */ = {isa = PBXBuildFile; fileRef = 66E352A7266A079300318EDD /* BitCoinViewController.swift */; };
		66E352AB266A079300318EDD /* Main.storyboard in Resources */ = {isa = PBXBuildFile; fileRef = 66E352A9266A079300318EDD /* Main.storyboard */; };
		66E352AE266A079300318EDD /* Demo_app_withApi.xcdatamodeld in Sources */ = {isa = PBXBuildFile; fileRef = 66E352AC266A079300318EDD /* Demo_app_withApi.xcdatamodeld */; };
		66E352B0266A079600318EDD /* Assets.xcassets in Resources */ = {isa = PBXBuildFile; fileRef = 66E352AF266A079600318EDD /* Assets.xcassets */; };
		66E352B3266A079600318EDD /* LaunchScreen.storyboard in Resources */ = {isa = PBXBuildFile; fileRef = 66E352B1266A079600318EDD /* LaunchScreen.storyboard */; };
/* End PBXBuildFile section */

/* Begin PBXFileReference section */
		66E352A0266A079300318EDD /* Demo.app.withApi.app */ = {isa = PBXFileReference; explicitFileType = wrapper.application; includeInIndex = 0; path = Demo.app.withApi.app; sourceTree = BUILT_PRODUCTS_DIR; };
		66E352A3266A079300318EDD /* AppDelegate.swift */ = {isa = PBXFileReference; lastKnownFileType = sourcecode.swift; path = AppDelegate.swift; sourceTree = "<group>"; };
		66E352A5266A079300318EDD /* SceneDelegate.swift */ = {isa = PBXFileReference; lastKnownFileType = sourcecode.swift; path = SceneDelegate.swift; sourceTree = "<group>"; };
		66E352A7266A079300318EDD /* BitCoinViewController.swift */ = {isa = PBXFileReference; lastKnownFileType = sourcecode.swift; path = BitCoinViewController.swift; sourceTree = "<group>"; };
		66E352AA266A079300318EDD /* Base */ = {isa = PBXFileReference; lastKnownFileType = file.storyboard; name = Base; path = Base.lproj/Main.storyboard; sourceTree = "<group>"; };
		66E352AD266A079300318EDD /* Demo_app_withApi.xcdatamodel */ = {isa = PBXFileReference; lastKnownFileType = wrapper.xcdatamodel; path = Demo_app_withApi.xcdatamodel; sourceTree = "<group>"; };
		66E352AF266A079600318EDD /* Assets.xcassets */ = {isa = PBXFileReference; lastKnownFileType = folder.assetcatalog; path = Assets.xcassets; sourceTree = "<group>"; };
		66E352B2266A079600318EDD /* Base */ = {isa = PBXFileReference; lastKnownFileType = file.storyboard; name = Base; path = Base.lproj/LaunchScreen.storyboard; sourceTree = "<group>"; };
		66E352B4266A079600318EDD /* Info.plist */ = {isa = PBXFileReference; lastKnownFileType = text.plist.xml; path = Info.plist; sourceTree = "<group>"; };
/* End PBXFileReference section */

/* Begin PBXFrameworksBuildPhase section */
		66E3529D266A079300318EDD /* Frameworks */ = {
			isa = PBXFrameworksBuildPhase;
			buildActionMask = 2147483647;
			files = (
			);
			runOnlyForDeploymentPostprocessing = 0;
		};
/* End PBXFrameworksBuildPhase section */

/* Begin PBXGroup section */
		66E35297266A079300318EDD = {
			isa = PBXGroup;
			children = (
				66E352A2266A079300318EDD /* Demo.app.withApi */,
				66E352A1266A079300318EDD /* Products */,
			);
			sourceTree = "<group>";
		};
		66E352A1266A079300318EDD /* Products */ = {
			isa = PBXGroup;
			children = (
				66E352A0266A079300318EDD /* Demo.app.withApi.app */,
			);
			name = Products;
			sourceTree = "<group>";
		};
		66E352A2266A079300318EDD /* Demo.app.withApi */ = {
			isa = PBXGroup;
			children = (
				66E352A3266A079300318EDD /* AppDelegate.swift */,
				66E352A5266A079300318EDD /* SceneDelegate.swift */,
				66E352A7266A079300318EDD /* BitCoinViewController.swift */,
				66E352A9266A079300318EDD /* Main.storyboard */,
				66E352AF266A079600318EDD /* Assets.xcassets */,
				66E352B1266A079600318EDD /* LaunchScreen.storyboard */,
				66E352B4266A079600318EDD /* Info.plist */,
				66E352AC266A079300318EDD /* Demo_app_withApi.xcdatamodeld */,
			);
			path = Demo.app.withApi;
			sourceTree = "<group>";
		};
/* End PBXGroup section */

/* Begin PBXNativeTarget section */
		66E3529F266A079300318EDD /* Demo.app.withApi */ = {
			isa = PBXNativeTarget;
			buildConfigurationList = 66E352B7266A079600318EDD /* Build configuration list for PBXNativeTarget "Demo.app.withApi" */;
			buildPhases = (
				66E3529C266A079300318EDD /* Sources */,
				66E3529D266A079300318EDD /* Frameworks */,
				66E3529E266A079300318EDD /* Resources */,
			);
			buildRules = (
			);
			dependencies = (
			);
			name = Demo.app.withApi;
			productName = Demo.app.withApi;
			productReference = 66E352A0266A079300318EDD /* Demo.app.withApi.app */;
			productType = "com.apple.product-type.application";
		};
/* End PBXNativeTarget section */

/* Begin PBXProject section */
		66E35298266A079300318EDD /* Project object */ = {
			isa = PBXProject;
			attributes = {
				LastSwiftUpdateCheck = 1250;
				LastUpgradeCheck = 1250;
				TargetAttributes = {
					66E3529F266A079300318EDD = {
						CreatedOnToolsVersion = 12.5;
					};
				};
			};
			buildConfigurationList = 66E3529B266A079300318EDD /* Build configuration list for PBXProject "Demo.app.withApi" */;
			compatibilityVersion = "Xcode 9.3";
			developmentRegion = en;
			hasScannedForEncodings = 0;
			knownRegions = (
				en,
				Base,
			);
			mainGroup = 66E35297266A079300318EDD;
			productRefGroup = 66E352A1266A079300318EDD /* Products */;
			projectDirPath = "";
			projectRoot = "";
			targets = (
				66E3529F266A079300318EDD /* Demo.app.withApi */,
			);
		};
/* End PBXProject section */

/* Begin PBXResourcesBuildPhase section */
		66E3529E266A079300318EDD /* Resources */ = {
			isa = PBXResourcesBuildPhase;
			buildActionMask = 2147483647;
			files = (
				66E352B3266A079600318EDD /* LaunchScreen.storyboard in Resources */,
				66E352B0266A079600318EDD /* Assets.xcassets in Resources */,
				66E352AB266A079300318EDD /* Main.storyboard in Resources */,
			);
			runOnlyForDeploymentPostprocessing = 0;
		};
/* End PBXResourcesBuildPhase section */

/* Begin PBXSourcesBuildPhase section */
		66E3529C266A079300318EDD /* Sources */ = {
			isa = PBXSourcesBuildPhase;
			buildActionMask = 2147483647;
			files = (
				66E352A8266A079300318EDD /* BitCoinViewController.swift in Sources */,
				66E352A4266A079300318EDD /* AppDelegate.swift in Sources */,
				66E352A6266A079300318EDD /* SceneDelegate.swift in Sources */,
				66E352AE266A079300318EDD /* Demo_app_withApi.xcdatamodeld in Sources */,
			);
			runOnlyForDeploymentPostprocessing = 0;
		};
/* End PBXSourcesBuildPhase section */

/* Begin PBXVariantGroup section */
		66E352A9266A079300318EDD /* Main.storyboard */ = {
			isa = PBXVariantGroup;
			children = (
				66E352AA266A079300318EDD /* Base */,
			);
			name = Main.storyboard;
			sourceTree = "<group>";
		};
		66E352B1266A079600318EDD /* LaunchScreen.storyboard */ = {
			isa = PBXVariantGroup;
			children = (
				66E352B2266A079600318EDD /* Base */,
			);
			name = LaunchScreen.storyboard;
			sourceTree = "<group>";
		};
/* End PBXVariantGroup section */

/* Begin XCBuildConfiguration section */
		66E352B5266A079600318EDD /* Debug */ = {
			isa = XCBuildConfiguration;
			buildSettings = {
				ALWAYS_SEARCH_USER_PATHS = NO;
				CLANG_ANALYZER_NONNULL = YES;
				CLANG_ANALYZER_NUMBER_OBJECT_CONVERSION = YES_AGGRESSIVE;
				CLANG_CXX_LANGUAGE_STANDARD = "gnu++14";
				CLANG_CXX_LIBRARY = "libc++";
				CLANG_ENABLE_MODULES = YES;
				CLANG_ENABLE_OBJC_ARC = YES;
				CLANG_ENABLE_OBJC_WEAK = YES;
				CLANG_WARN_BLOCK_CAPTURE_AUTORELEASING = YES;
				CLANG_WARN_BOOL_CONVERSION = YES;
				CLANG_WARN_COMMA = YES;
				CLANG_WARN_CONSTANT_CONVERSION = YES;
				CLANG_WARN_DEPRECATED_OBJC_IMPLEMENTATIONS = YES;
				CLANG_WARN_DIRECT_OBJC_ISA_USAGE = YES_ERROR;
				CLANG_WARN_DOCUMENTATION_COMMENTS = YES;
				CLANG_WARN_EMPTY_BODY = YES;
				CLANG_WARN_ENUM_CONVERSION = YES;
				CLANG_WARN_INFINITE_RECURSION = YES;
				CLANG_WARN_INT_CONVERSION = YES;
				CLANG_WARN_NON_LITERAL_NULL_CONVERSION = YES;
				CLANG_WARN_OBJC_IMPLICIT_RETAIN_SELF = YES;
				CLANG_WARN_OBJC_LITERAL_CONVERSION = YES;
				CLANG_WARN_OBJC_ROOT_CLASS = YES_ERROR;
				CLANG_WARN_QUOTED_INCLUDE_IN_FRAMEWORK_HEADER = YES;
				CLANG_WARN_RANGE_LOOP_ANALYSIS = YES;
				CLANG_WARN_STRICT_PROTOTYPES = YES;
				CLANG_WARN_SUSPICIOUS_MOVE = YES;
				CLANG_WARN_UNGUARDED_AVAILABILITY = YES_AGGRESSIVE;
				CLANG_WARN_UNREACHABLE_CODE = YES;
				CLANG_WARN__DUPLICATE_METHOD_MATCH = YES;
				COPY_PHASE_STRIP = NO;
				DEBUG_INFORMATION_FORMAT = dwarf;
				ENABLE_STRICT_OBJC_MSGSEND = YES;
				ENABLE_TESTABILITY = YES;
				GCC_C_LANGUAGE_STANDARD = gnu11;
				GCC_DYNAMIC_NO_PIC = NO;
				GCC_NO_COMMON_BLOCKS = YES;
				GCC_OPTIMIZATION_LEVEL = 0;
				GCC_PREPROCESSOR_DEFINITIONS = (
					"DEBUG=1",
					"$(inherited)",
				);
				GCC_WARN_64_TO_32_BIT_CONVERSION = YES;
				GCC_WARN_ABOUT_RETURN_TYPE = YES_ERROR;
				GCC_WARN_UNDECLARED_SELECTOR = YES;
				GCC_WARN_UNINITIALIZED_AUTOS = YES_AGGRESSIVE;
				GCC_WARN_UNUSED_FUNCTION = YES;
				GCC_WARN_UNUSED_VARIABLE = YES;
				IPHONEOS_DEPLOYMENT_TARGET = 14.5;
				MTL_ENABLE_DEBUG_INFO = INCLUDE_SOURCE;
				MTL_FAST_MATH = YES;
				ONLY_ACTIVE_ARCH = YES;
				SDKROOT = iphoneos;
				SWIFT_ACTIVE_COMPILATION_CONDITIONS = DEBUG;
				SWIFT_OPTIMIZATION_LEVEL = "-Onone";
			};
			name = Debug;
		};
		66E352B6266A079600318EDD /* Release */ = {
			isa = XCBuildConfiguration;
			buildSettings = {
				ALWAYS_SEARCH_USER_PATHS = NO;
				CLANG_ANALYZER_NONNULL = YES;
				CLANG_ANALYZER_NUMBER_OBJECT_CONVERSION = YES_AGGRESSIVE;
				CLANG_CXX_LANGUAGE_STANDARD = "gnu++14";
				CLANG_CXX_LIBRARY = "libc++";
				CLANG_ENABLE_MODULES = YES;
				CLANG_ENABLE_OBJC_ARC = YES;
				CLANG_ENABLE_OBJC_WEAK = YES;
				CLANG_WARN_BLOCK_CAPTURE_AUTORELEASING = YES;
				CLANG_WARN_BOOL_CONVERSION = YES;
				CLANG_WARN_COMMA = YES;
				CLANG_WARN_CONSTANT_CONVERSION = YES;
				CLANG_WARN_DEPRECATED_OBJC_IMPLEMENTATIONS = YES;
				CLANG_WARN_DIRECT_OBJC_ISA_USAGE = YES_ERROR;
				CLANG_WARN_DOCUMENTATION_COMMENTS = YES;
				CLANG_WARN_EMPTY_BODY = YES;
				CLANG_WARN_ENUM_CONVERSION = YES;
				CLANG_WARN_INFINITE_RECURSION = YES;
				CLANG_WARN_INT_CONVERSION = YES;
				CLANG_WARN_NON_LITERAL_NULL_CONVERSION = YES;
				CLANG_WARN_OBJC_IMPLICIT_RETAIN_SELF = YES;
				CLANG_WARN_OBJC_LITERAL_CONVERSION = YES;
				CLANG_WARN_OBJC_ROOT_CLASS = YES_ERROR;
				CLANG_WARN_QUOTED_INCLUDE_IN_FRAMEWORK_HEADER = YES;
				CLANG_WARN_RANGE_LOOP_ANALYSIS = YES;
				CLANG_WARN_STRICT_PROTOTYPES = YES;
				CLANG_WARN_SUSPICIOUS_MOVE = YES;
				CLANG_WARN_UNGUARDED_AVAILABILITY = YES_AGGRESSIVE;
				CLANG_WARN_UNREACHABLE_CODE = YES;
				CLANG_WARN__DUPLICATE_METHOD_MATCH = YES;
				COPY_PHASE_STRIP = NO;
				DEBUG_INFORMATION_FORMAT = "dwarf-with-dsym";
				ENABLE_NS_ASSERTIONS = NO;
				ENABLE_STRICT_OBJC_MSGSEND = YES;
				GCC_C_LANGUAGE_STANDARD = gnu11;
				GCC_NO_COMMON_BLOCKS = YES;
				GCC_WARN_64_TO_32_BIT_CONVERSION = YES;
				GCC_WARN_ABOUT_RETURN_TYPE = YES_ERROR;
				GCC_WARN_UNDECLARED_SELECTOR = YES;
				GCC_WARN_UNINITIALIZED_AUTOS = YES_AGGRESSIVE;
				GCC_WARN_UNUSED_FUNCTION = YES;
				GCC_WARN_UNUSED_VARIABLE = YES;
				IPHONEOS_DEPLOYMENT_TARGET = 14.5;
				MTL_ENABLE_DEBUG_INFO = NO;
				MTL_FAST_MATH = YES;
				SDKROOT = iphoneos;
				SWIFT_COMPILATION_MODE = wholemodule;
				SWIFT_OPTIMIZATION_LEVEL = "-O";
				VALIDATE_PRODUCT = YES;
			};
			name = Release;
		};
		66E352B8266A079600318EDD /* Debug */ = {
			isa = XCBuildConfiguration;
			buildSettings = {
				ASSETCATALOG_COMPILER_APPICON_NAME = AppIcon;
				ASSETCATALOG_COMPILER_GLOBAL_ACCENT_COLOR_NAME = AccentColor;
				CODE_SIGN_STYLE = Automatic;
				DEVELOPMENT_TEAM = T9F2Y7U5EF;
				INFOPLIST_FILE = Demo.app.withApi/Info.plist;
				LD_RUNPATH_SEARCH_PATHS = (
					"$(inherited)",
					"@executable_path/Frameworks",
				);
				PRODUCT_BUNDLE_IDENTIFIER = "com.phenixcrime.Demo-app-withApi";
				PRODUCT_NAME = "$(TARGET_NAME)";
				SWIFT_VERSION = 5.0;
				TARGETED_DEVICE_FAMILY = "1,2";
			};
			name = Debug;
		};
		66E352B9266A079600318EDD /* Release */ = {
			isa = XCBuildConfiguration;
			buildSettings = {
				ASSETCATALOG_COMPILER_APPICON_NAME = AppIcon;
				ASSETCATALOG_COMPILER_GLOBAL_ACCENT_COLOR_NAME = AccentColor;
				CODE_SIGN_STYLE = Automatic;
				DEVELOPMENT_TEAM = T9F2Y7U5EF;
				INFOPLIST_FILE = Demo.app.withApi/Info.plist;
				LD_RUNPATH_SEARCH_PATHS = (
					"$(inherited)",
					"@executable_path/Frameworks",
				);
				PRODUCT_BUNDLE_IDENTIFIER = "com.phenixcrime.Demo-app-withApi";
				PRODUCT_NAME = "$(TARGET_NAME)";
				SWIFT_VERSION = 5.0;
				TARGETED_DEVICE_FAMILY = "1,2";
			};
			name = Release;
		};
/* End XCBuildConfiguration section */

/* Begin XCConfigurationList section */
		66E3529B266A079300318EDD /* Build configuration list for PBXProject "Demo.app.withApi" */ = {
			isa = XCConfigurationList;
			buildConfigurations = (
				66E352B5266A079600318EDD /* Debug */,
				66E352B6266A079600318EDD /* Release */,
			);
			defaultConfigurationIsVisible = 0;
			defaultConfigurationName = Release;
		};
		66E352B7266A079600318EDD /* Build configuration list for PBXNativeTarget "Demo.app.withApi" */ = {
			isa = XCConfigurationList;
			buildConfigurations = (
				66E352B8266A079600318EDD /* Debug */,
				66E352B9266A079600318EDD /* Release */,
			);
			defaultConfigurationIsVisible = 0;
			defaultConfigurationName = Release;
		};
/* End XCConfigurationList section */

/* Begin XCVersionGroup section */
		66E352AC266A079300318EDD /* Demo_app_withApi.xcdatamodeld */ = {
			isa = XCVersionGroup;
			children = (
				66E352AD266A079300318EDD /* Demo_app_withApi.xcdatamodel */,
			);
			currentVersion = 66E352AD266A079300318EDD /* Demo_app_withApi.xcdatamodel */;
			path = Demo_app_withApi.xcdatamodeld;
			sourceTree = "<group>";
			versionGroupType = wrapper.xcdatamodel;
		};
/* End XCVersionGroup section */
	};
	rootObject = 66E35298266A079300318EDD /* Project object */;
}
